
Microsoft Visual Studio Solution File, Format Version 12.00
# Visual Studio 14
VisualStudioVersion = 14.0.25420.1
MinimumVisualStudioVersion = 10.0.40219.1
Project("{FAE04EC0-301F-11D3-BF4B-00C04F79EFBC}") = "CognitiveServicesDemo.Emotion", "CognitiveServicesDemo.Emotion\CognitiveServicesDemo.Emotion.csproj", "{08899544-A798-4468-8BA4-E1255E5EC239}"
EndProject
Project("{FAE04EC0-301F-11D3-BF4B-00C04F79EFBC}") = "VideoFrameAnalyzer", "VideoFrameAnalyzer\VideoFrameAnalyzer.csproj", "{BEC7DA78-C953-4A72-924F-2749D1F9F18B}"
EndProject
Project("{FAE04EC0-301F-11D3-BF4B-00C04F79EFBC}") = "CognitiveServicesDemo.ComputerVision.Bot", "CognitiveServicesDemo.ComputerVision.Bot\CognitiveServicesDemo.ComputerVision.Bot.csproj", "{A8BA1066-5695-4D71-ABB4-65E5A5E0C3D4}"
EndProject
Project("{FAE04EC0-301F-11D3-BF4B-00C04F79EFBC}") = "CognitiveServicesDemo.SpeechToText.UWP", "CognitiveServicesDemo.SpeechToText.UWP\CognitiveServicesDemo.SpeechToText.UWP.csproj", "{AC71966A-B5B0-4C1B-B935-F38B9DD8DE2B}"
EndProject
Project("{2150E333-8FDC-42A3-9474-1A3956D46DE8}") = "DemoSpeech", "DemoSpeech", "{D94AFA42-DCAB-4C23-87B8-E11989283A41}"
EndProject
Project("{2150E333-8FDC-42A3-9474-1A3956D46DE8}") = "DemoKnowledge", "DemoKnowledge", "{BED1E227-A7F5-4F25-A570-60D09A6E49FC}"
EndProject
Project("{FAE04EC0-301F-11D3-BF4B-00C04F79EFBC}") = "CognitiveServicesDemo.QnAMaker", "CognitiveServicesDemo.QnAMaker\CognitiveServicesDemo.QnAMaker\CognitiveServicesDemo.QnAMaker.csproj", "{FC372576-19A7-47A7-A5F7-118ECD27043D}"
EndProject
Project("{FAE04EC0-301F-11D3-BF4B-00C04F79EFBC}") = "CognitiveServicesDemo.QnAMaker.Droid", "CognitiveServicesDemo.QnAMaker\CognitiveServicesDemo.QnAMaker.Droid\CognitiveServicesDemo.QnAMaker.Droid.csproj", "{F1426998-32A4-4736-8CEA-ACF3CC1E4D64}"
EndProject
Project("{2150E333-8FDC-42A3-9474-1A3956D46DE8}") = "DemoVision", "DemoVision", "{92D1BB16-D42A-4C56-9801-7BA2DE099EC9}"
EndProject
Project("{FAE04EC0-301F-11D3-BF4B-00C04F79EFBC}") = "CognitiveServicesDemo.QnAMaker.iOS", "CognitiveServicesDemo.QnAMaker\CognitiveServicesDemo.QnAMaker.iOS\CognitiveServicesDemo.QnAMaker.iOS.csproj", "{3D8410AD-AFEE-4C5F-BACB-5146443ED0DA}"
EndProject
Project("{FAE04EC0-301F-11D3-BF4B-00C04F79EFBC}") = "CognitiveServicesDemo.QnAMaker.Windows", "CognitiveServicesDemo.QnAMaker\CognitiveServicesDemo.QnAMaker.Windows\CognitiveServicesDemo.QnAMaker.Windows.csproj", "{C4D741CF-D00C-4B10-8637-7CBE5210BB17}"
EndProject
Project("{FAE04EC0-301F-11D3-BF4B-00C04F79EFBC}") = "CognitiveServicesDemo.QnAMaker.WinPhone", "CognitiveServicesDemo.QnAMaker\CognitiveServicesDemo.QnAMaker.WinPhone\CognitiveServicesDemo.QnAMaker.WinPhone.csproj", "{E98BBBAD-BBF7-4050-96FE-6E7FA7D3206A}"
EndProject
Global
	GlobalSection(SolutionConfigurationPlatforms) = preSolution
		Ad-Hoc|Any CPU = Ad-Hoc|Any CPU
		Ad-Hoc|ARM = Ad-Hoc|ARM
		Ad-Hoc|iPhone = Ad-Hoc|iPhone
		Ad-Hoc|iPhoneSimulator = Ad-Hoc|iPhoneSimulator
		Ad-Hoc|x64 = Ad-Hoc|x64
		Ad-Hoc|x86 = Ad-Hoc|x86
		AppStore|Any CPU = AppStore|Any CPU
		AppStore|ARM = AppStore|ARM
		AppStore|iPhone = AppStore|iPhone
		AppStore|iPhoneSimulator = AppStore|iPhoneSimulator
		AppStore|x64 = AppStore|x64
		AppStore|x86 = AppStore|x86
		Debug|Any CPU = Debug|Any CPU
		Debug|ARM = Debug|ARM
		Debug|iPhone = Debug|iPhone
		Debug|iPhoneSimulator = Debug|iPhoneSimulator
		Debug|x64 = Debug|x64
		Debug|x86 = Debug|x86
		Release|Any CPU = Release|Any CPU
		Release|ARM = Release|ARM
		Release|iPhone = Release|iPhone
		Release|iPhoneSimulator = Release|iPhoneSimulator
		Release|x64 = Release|x64
		Release|x86 = Release|x86
	EndGlobalSection
	GlobalSection(ProjectConfigurationPlatforms) = postSolution
		{08899544-A798-4468-8BA4-E1255E5EC239}.Ad-Hoc|Any CPU.ActiveCfg = Release|Any CPU
		{08899544-A798-4468-8BA4-E1255E5EC239}.Ad-Hoc|Any CPU.Build.0 = Release|Any CPU
		{08899544-A798-4468-8BA4-E1255E5EC239}.Ad-Hoc|ARM.ActiveCfg = Release|Any CPU
		{08899544-A798-4468-8BA4-E1255E5EC239}.Ad-Hoc|ARM.Build.0 = Release|Any CPU
		{08899544-A798-4468-8BA4-E1255E5EC239}.Ad-Hoc|iPhone.ActiveCfg = Release|Any CPU
		{08899544-A798-4468-8BA4-E1255E5EC239}.Ad-Hoc|iPhone.Build.0 = Release|Any CPU
		{08899544-A798-4468-8BA4-E1255E5EC239}.Ad-Hoc|iPhoneSimulator.ActiveCfg = Release|Any CPU
		{08899544-A798-4468-8BA4-E1255E5EC239}.Ad-Hoc|iPhoneSimulator.Build.0 = Release|Any CPU
		{08899544-A798-4468-8BA4-E1255E5EC239}.Ad-Hoc|x64.ActiveCfg = Release|Any CPU
		{08899544-A798-4468-8BA4-E1255E5EC239}.Ad-Hoc|x64.Build.0 = Release|Any CPU
		{08899544-A798-4468-8BA4-E1255E5EC239}.Ad-Hoc|x86.ActiveCfg = Release|Any CPU
		{08899544-A798-4468-8BA4-E1255E5EC239}.Ad-Hoc|x86.Build.0 = Release|Any CPU
		{08899544-A798-4468-8BA4-E1255E5EC239}.AppStore|Any CPU.ActiveCfg = Release|Any CPU
		{08899544-A798-4468-8BA4-E1255E5EC239}.AppStore|Any CPU.Build.0 = Release|Any CPU
		{08899544-A798-4468-8BA4-E1255E5EC239}.AppStore|ARM.ActiveCfg = Release|Any CPU
		{08899544-A798-4468-8BA4-E1255E5EC239}.AppStore|ARM.Build.0 = Release|Any CPU
		{08899544-A798-4468-8BA4-E1255E5EC239}.AppStore|iPhone.ActiveCfg = Release|Any CPU
		{08899544-A798-4468-8BA4-E1255E5EC239}.AppStore|iPhone.Build.0 = Release|Any CPU
		{08899544-A798-4468-8BA4-E1255E5EC239}.AppStore|iPhoneSimulator.ActiveCfg = Release|Any CPU
		{08899544-A798-4468-8BA4-E1255E5EC239}.AppStore|iPhoneSimulator.Build.0 = Release|Any CPU
		{08899544-A798-4468-8BA4-E1255E5EC239}.AppStore|x64.ActiveCfg = Release|Any CPU
		{08899544-A798-4468-8BA4-E1255E5EC239}.AppStore|x64.Build.0 = Release|Any CPU
		{08899544-A798-4468-8BA4-E1255E5EC239}.AppStore|x86.ActiveCfg = Release|Any CPU
		{08899544-A798-4468-8BA4-E1255E5EC239}.AppStore|x86.Build.0 = Release|Any CPU
		{08899544-A798-4468-8BA4-E1255E5EC239}.Debug|Any CPU.ActiveCfg = Debug|Any CPU
		{08899544-A798-4468-8BA4-E1255E5EC239}.Debug|Any CPU.Build.0 = Debug|Any CPU
		{08899544-A798-4468-8BA4-E1255E5EC239}.Debug|ARM.ActiveCfg = Debug|Any CPU
		{08899544-A798-4468-8BA4-E1255E5EC239}.Debug|ARM.Build.0 = Debug|Any CPU
		{08899544-A798-4468-8BA4-E1255E5EC239}.Debug|iPhone.ActiveCfg = Debug|Any CPU
		{08899544-A798-4468-8BA4-E1255E5EC239}.Debug|iPhone.Build.0 = Debug|Any CPU
		{08899544-A798-4468-8BA4-E1255E5EC239}.Debug|iPhoneSimulator.ActiveCfg = Debug|Any CPU
		{08899544-A798-4468-8BA4-E1255E5EC239}.Debug|iPhoneSimulator.Build.0 = Debug|Any CPU
		{08899544-A798-4468-8BA4-E1255E5EC239}.Debug|x64.ActiveCfg = Debug|Any CPU
		{08899544-A798-4468-8BA4-E1255E5EC239}.Debug|x64.Build.0 = Debug|Any CPU
		{08899544-A798-4468-8BA4-E1255E5EC239}.Debug|x86.ActiveCfg = Debug|Any CPU
		{08899544-A798-4468-8BA4-E1255E5EC239}.Debug|x86.Build.0 = Debug|Any CPU
		{08899544-A798-4468-8BA4-E1255E5EC239}.Release|Any CPU.ActiveCfg = Release|Any CPU
		{08899544-A798-4468-8BA4-E1255E5EC239}.Release|Any CPU.Build.0 = Release|Any CPU
		{08899544-A798-4468-8BA4-E1255E5EC239}.Release|ARM.ActiveCfg = Release|Any CPU
		{08899544-A798-4468-8BA4-E1255E5EC239}.Release|ARM.Build.0 = Release|Any CPU
		{08899544-A798-4468-8BA4-E1255E5EC239}.Release|iPhone.ActiveCfg = Release|Any CPU
		{08899544-A798-4468-8BA4-E1255E5EC239}.Release|iPhone.Build.0 = Release|Any CPU
		{08899544-A798-4468-8BA4-E1255E5EC239}.Release|iPhoneSimulator.ActiveCfg = Release|Any CPU
		{08899544-A798-4468-8BA4-E1255E5EC239}.Release|iPhoneSimulator.Build.0 = Release|Any CPU
		{08899544-A798-4468-8BA4-E1255E5EC239}.Release|x64.ActiveCfg = Release|Any CPU
		{08899544-A798-4468-8BA4-E1255E5EC239}.Release|x64.Build.0 = Release|Any CPU
		{08899544-A798-4468-8BA4-E1255E5EC239}.Release|x86.ActiveCfg = Release|Any CPU
		{08899544-A798-4468-8BA4-E1255E5EC239}.Release|x86.Build.0 = Release|Any CPU
		{BEC7DA78-C953-4A72-924F-2749D1F9F18B}.Ad-Hoc|Any CPU.ActiveCfg = Release|Any CPU
		{BEC7DA78-C953-4A72-924F-2749D1F9F18B}.Ad-Hoc|Any CPU.Build.0 = Release|Any CPU
		{BEC7DA78-C953-4A72-924F-2749D1F9F18B}.Ad-Hoc|ARM.ActiveCfg = Release|Any CPU
		{BEC7DA78-C953-4A72-924F-2749D1F9F18B}.Ad-Hoc|ARM.Build.0 = Release|Any CPU
		{BEC7DA78-C953-4A72-924F-2749D1F9F18B}.Ad-Hoc|iPhone.ActiveCfg = Release|Any CPU
		{BEC7DA78-C953-4A72-924F-2749D1F9F18B}.Ad-Hoc|iPhone.Build.0 = Release|Any CPU
		{BEC7DA78-C953-4A72-924F-2749D1F9F18B}.Ad-Hoc|iPhoneSimulator.ActiveCfg = Release|Any CPU
		{BEC7DA78-C953-4A72-924F-2749D1F9F18B}.Ad-Hoc|iPhoneSimulator.Build.0 = Release|Any CPU
		{BEC7DA78-C953-4A72-924F-2749D1F9F18B}.Ad-Hoc|x64.ActiveCfg = Release|Any CPU
		{BEC7DA78-C953-4A72-924F-2749D1F9F18B}.Ad-Hoc|x64.Build.0 = Release|Any CPU
		{BEC7DA78-C953-4A72-924F-2749D1F9F18B}.Ad-Hoc|x86.ActiveCfg = Release|Any CPU
		{BEC7DA78-C953-4A72-924F-2749D1F9F18B}.Ad-Hoc|x86.Build.0 = Release|Any CPU
		{BEC7DA78-C953-4A72-924F-2749D1F9F18B}.AppStore|Any CPU.ActiveCfg = Release|Any CPU
		{BEC7DA78-C953-4A72-924F-2749D1F9F18B}.AppStore|Any CPU.Build.0 = Release|Any CPU
		{BEC7DA78-C953-4A72-924F-2749D1F9F18B}.AppStore|ARM.ActiveCfg = Release|Any CPU
		{BEC7DA78-C953-4A72-924F-2749D1F9F18B}.AppStore|ARM.Build.0 = Release|Any CPU
		{BEC7DA78-C953-4A72-924F-2749D1F9F18B}.AppStore|iPhone.ActiveCfg = Release|Any CPU
		{BEC7DA78-C953-4A72-924F-2749D1F9F18B}.AppStore|iPhone.Build.0 = Release|Any CPU
		{BEC7DA78-C953-4A72-924F-2749D1F9F18B}.AppStore|iPhoneSimulator.ActiveCfg = Release|Any CPU
		{BEC7DA78-C953-4A72-924F-2749D1F9F18B}.AppStore|iPhoneSimulator.Build.0 = Release|Any CPU
		{BEC7DA78-C953-4A72-924F-2749D1F9F18B}.AppStore|x64.ActiveCfg = Release|Any CPU
		{BEC7DA78-C953-4A72-924F-2749D1F9F18B}.AppStore|x64.Build.0 = Release|Any CPU
		{BEC7DA78-C953-4A72-924F-2749D1F9F18B}.AppStore|x86.ActiveCfg = Release|Any CPU
		{BEC7DA78-C953-4A72-924F-2749D1F9F18B}.AppStore|x86.Build.0 = Release|Any CPU
		{BEC7DA78-C953-4A72-924F-2749D1F9F18B}.Debug|Any CPU.ActiveCfg = Debug|Any CPU
		{BEC7DA78-C953-4A72-924F-2749D1F9F18B}.Debug|Any CPU.Build.0 = Debug|Any CPU
		{BEC7DA78-C953-4A72-924F-2749D1F9F18B}.Debug|ARM.ActiveCfg = Debug|Any CPU
		{BEC7DA78-C953-4A72-924F-2749D1F9F18B}.Debug|ARM.Build.0 = Debug|Any CPU
		{BEC7DA78-C953-4A72-924F-2749D1F9F18B}.Debug|iPhone.ActiveCfg = Debug|Any CPU
		{BEC7DA78-C953-4A72-924F-2749D1F9F18B}.Debug|iPhone.Build.0 = Debug|Any CPU
		{BEC7DA78-C953-4A72-924F-2749D1F9F18B}.Debug|iPhoneSimulator.ActiveCfg = Debug|Any CPU
		{BEC7DA78-C953-4A72-924F-2749D1F9F18B}.Debug|iPhoneSimulator.Build.0 = Debug|Any CPU
		{BEC7DA78-C953-4A72-924F-2749D1F9F18B}.Debug|x64.ActiveCfg = Debug|Any CPU
		{BEC7DA78-C953-4A72-924F-2749D1F9F18B}.Debug|x64.Build.0 = Debug|Any CPU
		{BEC7DA78-C953-4A72-924F-2749D1F9F18B}.Debug|x86.ActiveCfg = Debug|Any CPU
		{BEC7DA78-C953-4A72-924F-2749D1F9F18B}.Debug|x86.Build.0 = Debug|Any CPU
		{BEC7DA78-C953-4A72-924F-2749D1F9F18B}.Release|Any CPU.ActiveCfg = Release|Any CPU
		{BEC7DA78-C953-4A72-924F-2749D1F9F18B}.Release|Any CPU.Build.0 = Release|Any CPU
		{BEC7DA78-C953-4A72-924F-2749D1F9F18B}.Release|ARM.ActiveCfg = Release|Any CPU
		{BEC7DA78-C953-4A72-924F-2749D1F9F18B}.Release|ARM.Build.0 = Release|Any CPU
		{BEC7DA78-C953-4A72-924F-2749D1F9F18B}.Release|iPhone.ActiveCfg = Release|Any CPU
		{BEC7DA78-C953-4A72-924F-2749D1F9F18B}.Release|iPhone.Build.0 = Release|Any CPU
		{BEC7DA78-C953-4A72-924F-2749D1F9F18B}.Release|iPhoneSimulator.ActiveCfg = Release|Any CPU
		{BEC7DA78-C953-4A72-924F-2749D1F9F18B}.Release|iPhoneSimulator.Build.0 = Release|Any CPU
		{BEC7DA78-C953-4A72-924F-2749D1F9F18B}.Release|x64.ActiveCfg = Release|Any CPU
		{BEC7DA78-C953-4A72-924F-2749D1F9F18B}.Release|x64.Build.0 = Release|Any CPU
		{BEC7DA78-C953-4A72-924F-2749D1F9F18B}.Release|x86.ActiveCfg = Release|Any CPU
		{BEC7DA78-C953-4A72-924F-2749D1F9F18B}.Release|x86.Build.0 = Release|Any CPU
		{A8BA1066-5695-4D71-ABB4-65E5A5E0C3D4}.Ad-Hoc|Any CPU.ActiveCfg = Release|Any CPU
		{A8BA1066-5695-4D71-ABB4-65E5A5E0C3D4}.Ad-Hoc|Any CPU.Build.0 = Release|Any CPU
		{A8BA1066-5695-4D71-ABB4-65E5A5E0C3D4}.Ad-Hoc|ARM.ActiveCfg = Release|Any CPU
		{A8BA1066-5695-4D71-ABB4-65E5A5E0C3D4}.Ad-Hoc|ARM.Build.0 = Release|Any CPU
		{A8BA1066-5695-4D71-ABB4-65E5A5E0C3D4}.Ad-Hoc|iPhone.ActiveCfg = Release|Any CPU
		{A8BA1066-5695-4D71-ABB4-65E5A5E0C3D4}.Ad-Hoc|iPhone.Build.0 = Release|Any CPU
		{A8BA1066-5695-4D71-ABB4-65E5A5E0C3D4}.Ad-Hoc|iPhoneSimulator.ActiveCfg = Release|Any CPU
		{A8BA1066-5695-4D71-ABB4-65E5A5E0C3D4}.Ad-Hoc|iPhoneSimulator.Build.0 = Release|Any CPU
		{A8BA1066-5695-4D71-ABB4-65E5A5E0C3D4}.Ad-Hoc|x64.ActiveCfg = Release|Any CPU
		{A8BA1066-5695-4D71-ABB4-65E5A5E0C3D4}.Ad-Hoc|x64.Build.0 = Release|Any CPU
		{A8BA1066-5695-4D71-ABB4-65E5A5E0C3D4}.Ad-Hoc|x86.ActiveCfg = Release|Any CPU
		{A8BA1066-5695-4D71-ABB4-65E5A5E0C3D4}.Ad-Hoc|x86.Build.0 = Release|Any CPU
		{A8BA1066-5695-4D71-ABB4-65E5A5E0C3D4}.AppStore|Any CPU.ActiveCfg = Release|Any CPU
		{A8BA1066-5695-4D71-ABB4-65E5A5E0C3D4}.AppStore|Any CPU.Build.0 = Release|Any CPU
		{A8BA1066-5695-4D71-ABB4-65E5A5E0C3D4}.AppStore|ARM.ActiveCfg = Release|Any CPU
		{A8BA1066-5695-4D71-ABB4-65E5A5E0C3D4}.AppStore|ARM.Build.0 = Release|Any CPU
		{A8BA1066-5695-4D71-ABB4-65E5A5E0C3D4}.AppStore|iPhone.ActiveCfg = Release|Any CPU
		{A8BA1066-5695-4D71-ABB4-65E5A5E0C3D4}.AppStore|iPhone.Build.0 = Release|Any CPU
		{A8BA1066-5695-4D71-ABB4-65E5A5E0C3D4}.AppStore|iPhoneSimulator.ActiveCfg = Release|Any CPU
		{A8BA1066-5695-4D71-ABB4-65E5A5E0C3D4}.AppStore|iPhoneSimulator.Build.0 = Release|Any CPU
		{A8BA1066-5695-4D71-ABB4-65E5A5E0C3D4}.AppStore|x64.ActiveCfg = Release|Any CPU
		{A8BA1066-5695-4D71-ABB4-65E5A5E0C3D4}.AppStore|x64.Build.0 = Release|Any CPU
		{A8BA1066-5695-4D71-ABB4-65E5A5E0C3D4}.AppStore|x86.ActiveCfg = Release|Any CPU
		{A8BA1066-5695-4D71-ABB4-65E5A5E0C3D4}.AppStore|x86.Build.0 = Release|Any CPU
		{A8BA1066-5695-4D71-ABB4-65E5A5E0C3D4}.Debug|Any CPU.ActiveCfg = Debug|Any CPU
		{A8BA1066-5695-4D71-ABB4-65E5A5E0C3D4}.Debug|Any CPU.Build.0 = Debug|Any CPU
		{A8BA1066-5695-4D71-ABB4-65E5A5E0C3D4}.Debug|ARM.ActiveCfg = Debug|Any CPU
		{A8BA1066-5695-4D71-ABB4-65E5A5E0C3D4}.Debug|ARM.Build.0 = Debug|Any CPU
		{A8BA1066-5695-4D71-ABB4-65E5A5E0C3D4}.Debug|iPhone.ActiveCfg = Debug|Any CPU
		{A8BA1066-5695-4D71-ABB4-65E5A5E0C3D4}.Debug|iPhone.Build.0 = Debug|Any CPU
		{A8BA1066-5695-4D71-ABB4-65E5A5E0C3D4}.Debug|iPhoneSimulator.ActiveCfg = Debug|Any CPU
		{A8BA1066-5695-4D71-ABB4-65E5A5E0C3D4}.Debug|iPhoneSimulator.Build.0 = Debug|Any CPU
		{A8BA1066-5695-4D71-ABB4-65E5A5E0C3D4}.Debug|x64.ActiveCfg = Debug|Any CPU
		{A8BA1066-5695-4D71-ABB4-65E5A5E0C3D4}.Debug|x64.Build.0 = Debug|Any CPU
		{A8BA1066-5695-4D71-ABB4-65E5A5E0C3D4}.Debug|x86.ActiveCfg = Debug|Any CPU
		{A8BA1066-5695-4D71-ABB4-65E5A5E0C3D4}.Debug|x86.Build.0 = Debug|Any CPU
		{A8BA1066-5695-4D71-ABB4-65E5A5E0C3D4}.Release|Any CPU.ActiveCfg = Release|Any CPU
		{A8BA1066-5695-4D71-ABB4-65E5A5E0C3D4}.Release|Any CPU.Build.0 = Release|Any CPU
		{A8BA1066-5695-4D71-ABB4-65E5A5E0C3D4}.Release|ARM.ActiveCfg = Release|Any CPU
		{A8BA1066-5695-4D71-ABB4-65E5A5E0C3D4}.Release|ARM.Build.0 = Release|Any CPU
		{A8BA1066-5695-4D71-ABB4-65E5A5E0C3D4}.Release|iPhone.ActiveCfg = Release|Any CPU
		{A8BA1066-5695-4D71-ABB4-65E5A5E0C3D4}.Release|iPhone.Build.0 = Release|Any CPU
		{A8BA1066-5695-4D71-ABB4-65E5A5E0C3D4}.Release|iPhoneSimulator.ActiveCfg = Release|Any CPU
		{A8BA1066-5695-4D71-ABB4-65E5A5E0C3D4}.Release|iPhoneSimulator.Build.0 = Release|Any CPU
		{A8BA1066-5695-4D71-ABB4-65E5A5E0C3D4}.Release|x64.ActiveCfg = Release|Any CPU
		{A8BA1066-5695-4D71-ABB4-65E5A5E0C3D4}.Release|x64.Build.0 = Release|Any CPU
		{A8BA1066-5695-4D71-ABB4-65E5A5E0C3D4}.Release|x86.ActiveCfg = Release|Any CPU
		{A8BA1066-5695-4D71-ABB4-65E5A5E0C3D4}.Release|x86.Build.0 = Release|Any CPU
		{AC71966A-B5B0-4C1B-B935-F38B9DD8DE2B}.Ad-Hoc|Any CPU.ActiveCfg = Release|x64
		{AC71966A-B5B0-4C1B-B935-F38B9DD8DE2B}.Ad-Hoc|Any CPU.Build.0 = Release|x64
		{AC71966A-B5B0-4C1B-B935-F38B9DD8DE2B}.Ad-Hoc|Any CPU.Deploy.0 = Release|x64
		{AC71966A-B5B0-4C1B-B935-F38B9DD8DE2B}.Ad-Hoc|ARM.ActiveCfg = Release|ARM
		{AC71966A-B5B0-4C1B-B935-F38B9DD8DE2B}.Ad-Hoc|ARM.Build.0 = Release|ARM
		{AC71966A-B5B0-4C1B-B935-F38B9DD8DE2B}.Ad-Hoc|ARM.Deploy.0 = Release|ARM
		{AC71966A-B5B0-4C1B-B935-F38B9DD8DE2B}.Ad-Hoc|iPhone.ActiveCfg = Release|x64
		{AC71966A-B5B0-4C1B-B935-F38B9DD8DE2B}.Ad-Hoc|iPhone.Build.0 = Release|x64
		{AC71966A-B5B0-4C1B-B935-F38B9DD8DE2B}.Ad-Hoc|iPhone.Deploy.0 = Release|x64
		{AC71966A-B5B0-4C1B-B935-F38B9DD8DE2B}.Ad-Hoc|iPhoneSimulator.ActiveCfg = Release|x64
		{AC71966A-B5B0-4C1B-B935-F38B9DD8DE2B}.Ad-Hoc|iPhoneSimulator.Build.0 = Release|x64
		{AC71966A-B5B0-4C1B-B935-F38B9DD8DE2B}.Ad-Hoc|iPhoneSimulator.Deploy.0 = Release|x64
		{AC71966A-B5B0-4C1B-B935-F38B9DD8DE2B}.Ad-Hoc|x64.ActiveCfg = Release|x64
		{AC71966A-B5B0-4C1B-B935-F38B9DD8DE2B}.Ad-Hoc|x64.Build.0 = Release|x64
		{AC71966A-B5B0-4C1B-B935-F38B9DD8DE2B}.Ad-Hoc|x64.Deploy.0 = Release|x64
		{AC71966A-B5B0-4C1B-B935-F38B9DD8DE2B}.Ad-Hoc|x86.ActiveCfg = Release|x86
		{AC71966A-B5B0-4C1B-B935-F38B9DD8DE2B}.Ad-Hoc|x86.Build.0 = Release|x86
		{AC71966A-B5B0-4C1B-B935-F38B9DD8DE2B}.Ad-Hoc|x86.Deploy.0 = Release|x86
		{AC71966A-B5B0-4C1B-B935-F38B9DD8DE2B}.AppStore|Any CPU.ActiveCfg = Release|x64
		{AC71966A-B5B0-4C1B-B935-F38B9DD8DE2B}.AppStore|Any CPU.Build.0 = Release|x64
		{AC71966A-B5B0-4C1B-B935-F38B9DD8DE2B}.AppStore|Any CPU.Deploy.0 = Release|x64
		{AC71966A-B5B0-4C1B-B935-F38B9DD8DE2B}.AppStore|ARM.ActiveCfg = Release|ARM
		{AC71966A-B5B0-4C1B-B935-F38B9DD8DE2B}.AppStore|ARM.Build.0 = Release|ARM
		{AC71966A-B5B0-4C1B-B935-F38B9DD8DE2B}.AppStore|ARM.Deploy.0 = Release|ARM
		{AC71966A-B5B0-4C1B-B935-F38B9DD8DE2B}.AppStore|iPhone.ActiveCfg = Release|x64
		{AC71966A-B5B0-4C1B-B935-F38B9DD8DE2B}.AppStore|iPhone.Build.0 = Release|x64
		{AC71966A-B5B0-4C1B-B935-F38B9DD8DE2B}.AppStore|iPhone.Deploy.0 = Release|x64
		{AC71966A-B5B0-4C1B-B935-F38B9DD8DE2B}.AppStore|iPhoneSimulator.ActiveCfg = Release|x64
		{AC71966A-B5B0-4C1B-B935-F38B9DD8DE2B}.AppStore|iPhoneSimulator.Build.0 = Release|x64
		{AC71966A-B5B0-4C1B-B935-F38B9DD8DE2B}.AppStore|iPhoneSimulator.Deploy.0 = Release|x64
		{AC71966A-B5B0-4C1B-B935-F38B9DD8DE2B}.AppStore|x64.ActiveCfg = Release|x64
		{AC71966A-B5B0-4C1B-B935-F38B9DD8DE2B}.AppStore|x64.Build.0 = Release|x64
		{AC71966A-B5B0-4C1B-B935-F38B9DD8DE2B}.AppStore|x64.Deploy.0 = Release|x64
		{AC71966A-B5B0-4C1B-B935-F38B9DD8DE2B}.AppStore|x86.ActiveCfg = Release|x86
		{AC71966A-B5B0-4C1B-B935-F38B9DD8DE2B}.AppStore|x86.Build.0 = Release|x86
		{AC71966A-B5B0-4C1B-B935-F38B9DD8DE2B}.AppStore|x86.Deploy.0 = Release|x86
		{AC71966A-B5B0-4C1B-B935-F38B9DD8DE2B}.Debug|Any CPU.ActiveCfg = Debug|x86
		{AC71966A-B5B0-4C1B-B935-F38B9DD8DE2B}.Debug|Any CPU.Build.0 = Debug|x86
		{AC71966A-B5B0-4C1B-B935-F38B9DD8DE2B}.Debug|Any CPU.Deploy.0 = Debug|x86
		{AC71966A-B5B0-4C1B-B935-F38B9DD8DE2B}.Debug|ARM.ActiveCfg = Debug|ARM
		{AC71966A-B5B0-4C1B-B935-F38B9DD8DE2B}.Debug|ARM.Build.0 = Debug|ARM
		{AC71966A-B5B0-4C1B-B935-F38B9DD8DE2B}.Debug|ARM.Deploy.0 = Debug|ARM
		{AC71966A-B5B0-4C1B-B935-F38B9DD8DE2B}.Debug|iPhone.ActiveCfg = Debug|x86
		{AC71966A-B5B0-4C1B-B935-F38B9DD8DE2B}.Debug|iPhoneSimulator.ActiveCfg = Debug|x86
		{AC71966A-B5B0-4C1B-B935-F38B9DD8DE2B}.Debug|x64.ActiveCfg = Debug|x64
		{AC71966A-B5B0-4C1B-B935-F38B9DD8DE2B}.Debug|x64.Build.0 = Debug|x64
		{AC71966A-B5B0-4C1B-B935-F38B9DD8DE2B}.Debug|x64.Deploy.0 = Debug|x64
		{AC71966A-B5B0-4C1B-B935-F38B9DD8DE2B}.Debug|x86.ActiveCfg = Debug|x86
		{AC71966A-B5B0-4C1B-B935-F38B9DD8DE2B}.Debug|x86.Build.0 = Debug|x86
		{AC71966A-B5B0-4C1B-B935-F38B9DD8DE2B}.Debug|x86.Deploy.0 = Debug|x86
		{AC71966A-B5B0-4C1B-B935-F38B9DD8DE2B}.Release|Any CPU.ActiveCfg = Release|x86
		{AC71966A-B5B0-4C1B-B935-F38B9DD8DE2B}.Release|ARM.ActiveCfg = Release|ARM
		{AC71966A-B5B0-4C1B-B935-F38B9DD8DE2B}.Release|ARM.Build.0 = Release|ARM
		{AC71966A-B5B0-4C1B-B935-F38B9DD8DE2B}.Release|ARM.Deploy.0 = Release|ARM
		{AC71966A-B5B0-4C1B-B935-F38B9DD8DE2B}.Release|iPhone.ActiveCfg = Release|x86
		{AC71966A-B5B0-4C1B-B935-F38B9DD8DE2B}.Release|iPhoneSimulator.ActiveCfg = Release|x86
		{AC71966A-B5B0-4C1B-B935-F38B9DD8DE2B}.Release|x64.ActiveCfg = Release|x64
		{AC71966A-B5B0-4C1B-B935-F38B9DD8DE2B}.Release|x64.Build.0 = Release|x64
		{AC71966A-B5B0-4C1B-B935-F38B9DD8DE2B}.Release|x64.Deploy.0 = Release|x64
		{AC71966A-B5B0-4C1B-B935-F38B9DD8DE2B}.Release|x86.ActiveCfg = Release|x86
		{AC71966A-B5B0-4C1B-B935-F38B9DD8DE2B}.Release|x86.Build.0 = Release|x86
		{AC71966A-B5B0-4C1B-B935-F38B9DD8DE2B}.Release|x86.Deploy.0 = Release|x86
		{FC372576-19A7-47A7-A5F7-118ECD27043D}.Ad-Hoc|Any CPU.ActiveCfg = Release|Any CPU
		{FC372576-19A7-47A7-A5F7-118ECD27043D}.Ad-Hoc|Any CPU.Build.0 = Release|Any CPU
		{FC372576-19A7-47A7-A5F7-118ECD27043D}.Ad-Hoc|ARM.ActiveCfg = Release|Any CPU
		{FC372576-19A7-47A7-A5F7-118ECD27043D}.Ad-Hoc|ARM.Build.0 = Release|Any CPU
		{FC372576-19A7-47A7-A5F7-118ECD27043D}.Ad-Hoc|iPhone.ActiveCfg = Release|Any CPU
		{FC372576-19A7-47A7-A5F7-118ECD27043D}.Ad-Hoc|iPhone.Build.0 = Release|Any CPU
		{FC372576-19A7-47A7-A5F7-118ECD27043D}.Ad-Hoc|iPhoneSimulator.ActiveCfg = Release|Any CPU
		{FC372576-19A7-47A7-A5F7-118ECD27043D}.Ad-Hoc|iPhoneSimulator.Build.0 = Release|Any CPU
		{FC372576-19A7-47A7-A5F7-118ECD27043D}.Ad-Hoc|x64.ActiveCfg = Release|Any CPU
		{FC372576-19A7-47A7-A5F7-118ECD27043D}.Ad-Hoc|x64.Build.0 = Release|Any CPU
		{FC372576-19A7-47A7-A5F7-118ECD27043D}.Ad-Hoc|x86.ActiveCfg = Release|Any CPU
		{FC372576-19A7-47A7-A5F7-118ECD27043D}.Ad-Hoc|x86.Build.0 = Release|Any CPU
		{FC372576-19A7-47A7-A5F7-118ECD27043D}.AppStore|Any CPU.ActiveCfg = Release|Any CPU
		{FC372576-19A7-47A7-A5F7-118ECD27043D}.AppStore|Any CPU.Build.0 = Release|Any CPU
		{FC372576-19A7-47A7-A5F7-118ECD27043D}.AppStore|ARM.ActiveCfg = Release|Any CPU
		{FC372576-19A7-47A7-A5F7-118ECD27043D}.AppStore|ARM.Build.0 = Release|Any CPU
		{FC372576-19A7-47A7-A5F7-118ECD27043D}.AppStore|iPhone.ActiveCfg = Release|Any CPU
		{FC372576-19A7-47A7-A5F7-118ECD27043D}.AppStore|iPhone.Build.0 = Release|Any CPU
		{FC372576-19A7-47A7-A5F7-118ECD27043D}.AppStore|iPhoneSimulator.ActiveCfg = Release|Any CPU
		{FC372576-19A7-47A7-A5F7-118ECD27043D}.AppStore|iPhoneSimulator.Build.0 = Release|Any CPU
		{FC372576-19A7-47A7-A5F7-118ECD27043D}.AppStore|x64.ActiveCfg = Release|Any CPU
		{FC372576-19A7-47A7-A5F7-118ECD27043D}.AppStore|x64.Build.0 = Release|Any CPU
		{FC372576-19A7-47A7-A5F7-118ECD27043D}.AppStore|x86.ActiveCfg = Release|Any CPU
		{FC372576-19A7-47A7-A5F7-118ECD27043D}.AppStore|x86.Build.0 = Release|Any CPU
		{FC372576-19A7-47A7-A5F7-118ECD27043D}.Debug|Any CPU.ActiveCfg = Debug|Any CPU
		{FC372576-19A7-47A7-A5F7-118ECD27043D}.Debug|Any CPU.Build.0 = Debug|Any CPU
		{FC372576-19A7-47A7-A5F7-118ECD27043D}.Debug|ARM.ActiveCfg = Debug|Any CPU
		{FC372576-19A7-47A7-A5F7-118ECD27043D}.Debug|ARM.Build.0 = Debug|Any CPU
		{FC372576-19A7-47A7-A5F7-118ECD27043D}.Debug|iPhone.ActiveCfg = Debug|Any CPU
		{FC372576-19A7-47A7-A5F7-118ECD27043D}.Debug|iPhone.Build.0 = Debug|Any CPU
		{FC372576-19A7-47A7-A5F7-118ECD27043D}.Debug|iPhoneSimulator.ActiveCfg = Debug|Any CPU
		{FC372576-19A7-47A7-A5F7-118ECD27043D}.Debug|iPhoneSimulator.Build.0 = Debug|Any CPU
		{FC372576-19A7-47A7-A5F7-118ECD27043D}.Debug|x64.ActiveCfg = Debug|Any CPU
		{FC372576-19A7-47A7-A5F7-118ECD27043D}.Debug|x64.Build.0 = Debug|Any CPU
		{FC372576-19A7-47A7-A5F7-118ECD27043D}.Debug|x86.ActiveCfg = Debug|Any CPU
		{FC372576-19A7-47A7-A5F7-118ECD27043D}.Debug|x86.Build.0 = Debug|Any CPU
		{FC372576-19A7-47A7-A5F7-118ECD27043D}.Release|Any CPU.ActiveCfg = Release|Any CPU
		{FC372576-19A7-47A7-A5F7-118ECD27043D}.Release|Any CPU.Build.0 = Release|Any CPU
		{FC372576-19A7-47A7-A5F7-118ECD27043D}.Release|ARM.ActiveCfg = Release|Any CPU
		{FC372576-19A7-47A7-A5F7-118ECD27043D}.Release|ARM.Build.0 = Release|Any CPU
		{FC372576-19A7-47A7-A5F7-118ECD27043D}.Release|iPhone.ActiveCfg = Release|Any CPU
		{FC372576-19A7-47A7-A5F7-118ECD27043D}.Release|iPhone.Build.0 = Release|Any CPU
		{FC372576-19A7-47A7-A5F7-118ECD27043D}.Release|iPhoneSimulator.ActiveCfg = Release|Any CPU
		{FC372576-19A7-47A7-A5F7-118ECD27043D}.Release|iPhoneSimulator.Build.0 = Release|Any CPU
		{FC372576-19A7-47A7-A5F7-118ECD27043D}.Release|x64.ActiveCfg = Release|Any CPU
		{FC372576-19A7-47A7-A5F7-118ECD27043D}.Release|x64.Build.0 = Release|Any CPU
		{FC372576-19A7-47A7-A5F7-118ECD27043D}.Release|x86.ActiveCfg = Release|Any CPU
		{FC372576-19A7-47A7-A5F7-118ECD27043D}.Release|x86.Build.0 = Release|Any CPU
		{F1426998-32A4-4736-8CEA-ACF3CC1E4D64}.Ad-Hoc|Any CPU.ActiveCfg = Release|Any CPU
		{F1426998-32A4-4736-8CEA-ACF3CC1E4D64}.Ad-Hoc|Any CPU.Build.0 = Release|Any CPU
		{F1426998-32A4-4736-8CEA-ACF3CC1E4D64}.Ad-Hoc|Any CPU.Deploy.0 = Release|Any CPU
		{F1426998-32A4-4736-8CEA-ACF3CC1E4D64}.Ad-Hoc|ARM.ActiveCfg = Release|Any CPU
		{F1426998-32A4-4736-8CEA-ACF3CC1E4D64}.Ad-Hoc|ARM.Build.0 = Release|Any CPU
		{F1426998-32A4-4736-8CEA-ACF3CC1E4D64}.Ad-Hoc|ARM.Deploy.0 = Release|Any CPU
		{F1426998-32A4-4736-8CEA-ACF3CC1E4D64}.Ad-Hoc|iPhone.ActiveCfg = Release|Any CPU
		{F1426998-32A4-4736-8CEA-ACF3CC1E4D64}.Ad-Hoc|iPhone.Build.0 = Release|Any CPU
		{F1426998-32A4-4736-8CEA-ACF3CC1E4D64}.Ad-Hoc|iPhone.Deploy.0 = Release|Any CPU
		{F1426998-32A4-4736-8CEA-ACF3CC1E4D64}.Ad-Hoc|iPhoneSimulator.ActiveCfg = Release|Any CPU
		{F1426998-32A4-4736-8CEA-ACF3CC1E4D64}.Ad-Hoc|iPhoneSimulator.Build.0 = Release|Any CPU
		{F1426998-32A4-4736-8CEA-ACF3CC1E4D64}.Ad-Hoc|iPhoneSimulator.Deploy.0 = Release|Any CPU
		{F1426998-32A4-4736-8CEA-ACF3CC1E4D64}.Ad-Hoc|x64.ActiveCfg = Release|Any CPU
		{F1426998-32A4-4736-8CEA-ACF3CC1E4D64}.Ad-Hoc|x64.Build.0 = Release|Any CPU
		{F1426998-32A4-4736-8CEA-ACF3CC1E4D64}.Ad-Hoc|x64.Deploy.0 = Release|Any CPU
		{F1426998-32A4-4736-8CEA-ACF3CC1E4D64}.Ad-Hoc|x86.ActiveCfg = Release|Any CPU
		{F1426998-32A4-4736-8CEA-ACF3CC1E4D64}.Ad-Hoc|x86.Build.0 = Release|Any CPU
		{F1426998-32A4-4736-8CEA-ACF3CC1E4D64}.Ad-Hoc|x86.Deploy.0 = Release|Any CPU
		{F1426998-32A4-4736-8CEA-ACF3CC1E4D64}.AppStore|Any CPU.ActiveCfg = Release|Any CPU
		{F1426998-32A4-4736-8CEA-ACF3CC1E4D64}.AppStore|Any CPU.Build.0 = Release|Any CPU
		{F1426998-32A4-4736-8CEA-ACF3CC1E4D64}.AppStore|Any CPU.Deploy.0 = Release|Any CPU
		{F1426998-32A4-4736-8CEA-ACF3CC1E4D64}.AppStore|ARM.ActiveCfg = Release|Any CPU
		{F1426998-32A4-4736-8CEA-ACF3CC1E4D64}.AppStore|ARM.Build.0 = Release|Any CPU
		{F1426998-32A4-4736-8CEA-ACF3CC1E4D64}.AppStore|ARM.Deploy.0 = Release|Any CPU
		{F1426998-32A4-4736-8CEA-ACF3CC1E4D64}.AppStore|iPhone.ActiveCfg = Release|Any CPU
		{F1426998-32A4-4736-8CEA-ACF3CC1E4D64}.AppStore|iPhone.Build.0 = Release|Any CPU
		{F1426998-32A4-4736-8CEA-ACF3CC1E4D64}.AppStore|iPhone.Deploy.0 = Release|Any CPU
		{F1426998-32A4-4736-8CEA-ACF3CC1E4D64}.AppStore|iPhoneSimulator.ActiveCfg = Release|Any CPU
		{F1426998-32A4-4736-8CEA-ACF3CC1E4D64}.AppStore|iPhoneSimulator.Build.0 = Release|Any CPU
		{F1426998-32A4-4736-8CEA-ACF3CC1E4D64}.AppStore|iPhoneSimulator.Deploy.0 = Release|Any CPU
		{F1426998-32A4-4736-8CEA-ACF3CC1E4D64}.AppStore|x64.ActiveCfg = Release|Any CPU
		{F1426998-32A4-4736-8CEA-ACF3CC1E4D64}.AppStore|x64.Build.0 = Release|Any CPU
		{F1426998-32A4-4736-8CEA-ACF3CC1E4D64}.AppStore|x64.Deploy.0 = Release|Any CPU
		{F1426998-32A4-4736-8CEA-ACF3CC1E4D64}.AppStore|x86.ActiveCfg = Release|Any CPU
		{F1426998-32A4-4736-8CEA-ACF3CC1E4D64}.AppStore|x86.Build.0 = Release|Any CPU
		{F1426998-32A4-4736-8CEA-ACF3CC1E4D64}.AppStore|x86.Deploy.0 = Release|Any CPU
		{F1426998-32A4-4736-8CEA-ACF3CC1E4D64}.Debug|Any CPU.ActiveCfg = Debug|Any CPU
		{F1426998-32A4-4736-8CEA-ACF3CC1E4D64}.Debug|Any CPU.Build.0 = Debug|Any CPU
		{F1426998-32A4-4736-8CEA-ACF3CC1E4D64}.Debug|Any CPU.Deploy.0 = Debug|Any CPU
		{F1426998-32A4-4736-8CEA-ACF3CC1E4D64}.Debug|ARM.ActiveCfg = Debug|Any CPU
		{F1426998-32A4-4736-8CEA-ACF3CC1E4D64}.Debug|ARM.Build.0 = Debug|Any CPU
		{F1426998-32A4-4736-8CEA-ACF3CC1E4D64}.Debug|ARM.Deploy.0 = Debug|Any CPU
		{F1426998-32A4-4736-8CEA-ACF3CC1E4D64}.Debug|iPhone.ActiveCfg = Debug|Any CPU
		{F1426998-32A4-4736-8CEA-ACF3CC1E4D64}.Debug|iPhone.Build.0 = Debug|Any CPU
		{F1426998-32A4-4736-8CEA-ACF3CC1E4D64}.Debug|iPhone.Deploy.0 = Debug|Any CPU
		{F1426998-32A4-4736-8CEA-ACF3CC1E4D64}.Debug|iPhoneSimulator.ActiveCfg = Debug|Any CPU
		{F1426998-32A4-4736-8CEA-ACF3CC1E4D64}.Debug|iPhoneSimulator.Build.0 = Debug|Any CPU
		{F1426998-32A4-4736-8CEA-ACF3CC1E4D64}.Debug|iPhoneSimulator.Deploy.0 = Debug|Any CPU
		{F1426998-32A4-4736-8CEA-ACF3CC1E4D64}.Debug|x64.ActiveCfg = Debug|Any CPU
		{F1426998-32A4-4736-8CEA-ACF3CC1E4D64}.Debug|x64.Build.0 = Debug|Any CPU
		{F1426998-32A4-4736-8CEA-ACF3CC1E4D64}.Debug|x64.Deploy.0 = Debug|Any CPU
		{F1426998-32A4-4736-8CEA-ACF3CC1E4D64}.Debug|x86.ActiveCfg = Debug|Any CPU
		{F1426998-32A4-4736-8CEA-ACF3CC1E4D64}.Debug|x86.Build.0 = Debug|Any CPU
		{F1426998-32A4-4736-8CEA-ACF3CC1E4D64}.Debug|x86.Deploy.0 = Debug|Any CPU
		{F1426998-32A4-4736-8CEA-ACF3CC1E4D64}.Release|Any CPU.ActiveCfg = Release|Any CPU
		{F1426998-32A4-4736-8CEA-ACF3CC1E4D64}.Release|Any CPU.Build.0 = Release|Any CPU
		{F1426998-32A4-4736-8CEA-ACF3CC1E4D64}.Release|Any CPU.Deploy.0 = Release|Any CPU
		{F1426998-32A4-4736-8CEA-ACF3CC1E4D64}.Release|ARM.ActiveCfg = Release|Any CPU
		{F1426998-32A4-4736-8CEA-ACF3CC1E4D64}.Release|ARM.Build.0 = Release|Any CPU
		{F1426998-32A4-4736-8CEA-ACF3CC1E4D64}.Release|ARM.Deploy.0 = Release|Any CPU
		{F1426998-32A4-4736-8CEA-ACF3CC1E4D64}.Release|iPhone.ActiveCfg = Release|Any CPU
		{F1426998-32A4-4736-8CEA-ACF3CC1E4D64}.Release|iPhone.Build.0 = Release|Any CPU
		{F1426998-32A4-4736-8CEA-ACF3CC1E4D64}.Release|iPhone.Deploy.0 = Release|Any CPU
		{F1426998-32A4-4736-8CEA-ACF3CC1E4D64}.Release|iPhoneSimulator.ActiveCfg = Release|Any CPU
		{F1426998-32A4-4736-8CEA-ACF3CC1E4D64}.Release|iPhoneSimulator.Build.0 = Release|Any CPU
		{F1426998-32A4-4736-8CEA-ACF3CC1E4D64}.Release|iPhoneSimulator.Deploy.0 = Release|Any CPU
		{F1426998-32A4-4736-8CEA-ACF3CC1E4D64}.Release|x64.ActiveCfg = Release|Any CPU
		{F1426998-32A4-4736-8CEA-ACF3CC1E4D64}.Release|x64.Build.0 = Release|Any CPU
		{F1426998-32A4-4736-8CEA-ACF3CC1E4D64}.Release|x64.Deploy.0 = Release|Any CPU
		{F1426998-32A4-4736-8CEA-ACF3CC1E4D64}.Release|x86.ActiveCfg = Release|Any CPU
		{F1426998-32A4-4736-8CEA-ACF3CC1E4D64}.Release|x86.Build.0 = Release|Any CPU
		{F1426998-32A4-4736-8CEA-ACF3CC1E4D64}.Release|x86.Deploy.0 = Release|Any CPU
		{3D8410AD-AFEE-4C5F-BACB-5146443ED0DA}.Ad-Hoc|Any CPU.ActiveCfg = Ad-Hoc|iPhone
		{3D8410AD-AFEE-4C5F-BACB-5146443ED0DA}.Ad-Hoc|ARM.ActiveCfg = Ad-Hoc|iPhone
		{3D8410AD-AFEE-4C5F-BACB-5146443ED0DA}.Ad-Hoc|iPhone.ActiveCfg = Ad-Hoc|iPhone
		{3D8410AD-AFEE-4C5F-BACB-5146443ED0DA}.Ad-Hoc|iPhone.Build.0 = Ad-Hoc|iPhone
		{3D8410AD-AFEE-4C5F-BACB-5146443ED0DA}.Ad-Hoc|iPhoneSimulator.ActiveCfg = Ad-Hoc|iPhoneSimulator
		{3D8410AD-AFEE-4C5F-BACB-5146443ED0DA}.Ad-Hoc|iPhoneSimulator.Build.0 = Ad-Hoc|iPhoneSimulator
		{3D8410AD-AFEE-4C5F-BACB-5146443ED0DA}.Ad-Hoc|x64.ActiveCfg = Ad-Hoc|iPhone
		{3D8410AD-AFEE-4C5F-BACB-5146443ED0DA}.Ad-Hoc|x86.ActiveCfg = Ad-Hoc|iPhone
		{3D8410AD-AFEE-4C5F-BACB-5146443ED0DA}.AppStore|Any CPU.ActiveCfg = AppStore|iPhone
		{3D8410AD-AFEE-4C5F-BACB-5146443ED0DA}.AppStore|ARM.ActiveCfg = AppStore|iPhone
		{3D8410AD-AFEE-4C5F-BACB-5146443ED0DA}.AppStore|iPhone.ActiveCfg = AppStore|iPhone
		{3D8410AD-AFEE-4C5F-BACB-5146443ED0DA}.AppStore|iPhone.Build.0 = AppStore|iPhone
		{3D8410AD-AFEE-4C5F-BACB-5146443ED0DA}.AppStore|iPhoneSimulator.ActiveCfg = AppStore|iPhoneSimulator
		{3D8410AD-AFEE-4C5F-BACB-5146443ED0DA}.AppStore|iPhoneSimulator.Build.0 = AppStore|iPhoneSimulator
		{3D8410AD-AFEE-4C5F-BACB-5146443ED0DA}.AppStore|x64.ActiveCfg = AppStore|iPhone
		{3D8410AD-AFEE-4C5F-BACB-5146443ED0DA}.AppStore|x86.ActiveCfg = AppStore|iPhone
		{3D8410AD-AFEE-4C5F-BACB-5146443ED0DA}.Debug|Any CPU.ActiveCfg = Debug|iPhone
		{3D8410AD-AFEE-4C5F-BACB-5146443ED0DA}.Debug|ARM.ActiveCfg = Debug|iPhone
		{3D8410AD-AFEE-4C5F-BACB-5146443ED0DA}.Debug|iPhone.ActiveCfg = Debug|iPhone
		{3D8410AD-AFEE-4C5F-BACB-5146443ED0DA}.Debug|iPhone.Build.0 = Debug|iPhone
		{3D8410AD-AFEE-4C5F-BACB-5146443ED0DA}.Debug|iPhoneSimulator.ActiveCfg = Debug|iPhoneSimulator
		{3D8410AD-AFEE-4C5F-BACB-5146443ED0DA}.Debug|iPhoneSimulator.Build.0 = Debug|iPhoneSimulator
		{3D8410AD-AFEE-4C5F-BACB-5146443ED0DA}.Debug|x64.ActiveCfg = Debug|iPhone
		{3D8410AD-AFEE-4C5F-BACB-5146443ED0DA}.Debug|x86.ActiveCfg = Debug|iPhone
		{3D8410AD-AFEE-4C5F-BACB-5146443ED0DA}.Release|Any CPU.ActiveCfg = Release|iPhone
		{3D8410AD-AFEE-4C5F-BACB-5146443ED0DA}.Release|ARM.ActiveCfg = Release|iPhone
		{3D8410AD-AFEE-4C5F-BACB-5146443ED0DA}.Release|iPhone.ActiveCfg = Release|iPhone
		{3D8410AD-AFEE-4C5F-BACB-5146443ED0DA}.Release|iPhone.Build.0 = Release|iPhone
		{3D8410AD-AFEE-4C5F-BACB-5146443ED0DA}.Release|iPhoneSimulator.ActiveCfg = Release|iPhoneSimulator
		{3D8410AD-AFEE-4C5F-BACB-5146443ED0DA}.Release|iPhoneSimulator.Build.0 = Release|iPhoneSimulator
		{3D8410AD-AFEE-4C5F-BACB-5146443ED0DA}.Release|x64.ActiveCfg = Release|iPhone
		{3D8410AD-AFEE-4C5F-BACB-5146443ED0DA}.Release|x86.ActiveCfg = Release|iPhone
		{C4D741CF-D00C-4B10-8637-7CBE5210BB17}.Ad-Hoc|Any CPU.ActiveCfg = Release|Any CPU
		{C4D741CF-D00C-4B10-8637-7CBE5210BB17}.Ad-Hoc|Any CPU.Build.0 = Release|Any CPU
		{C4D741CF-D00C-4B10-8637-7CBE5210BB17}.Ad-Hoc|Any CPU.Deploy.0 = Release|Any CPU
		{C4D741CF-D00C-4B10-8637-7CBE5210BB17}.Ad-Hoc|ARM.ActiveCfg = Release|ARM
		{C4D741CF-D00C-4B10-8637-7CBE5210BB17}.Ad-Hoc|ARM.Build.0 = Release|ARM
		{C4D741CF-D00C-4B10-8637-7CBE5210BB17}.Ad-Hoc|ARM.Deploy.0 = Release|ARM
		{C4D741CF-D00C-4B10-8637-7CBE5210BB17}.Ad-Hoc|iPhone.ActiveCfg = Release|Any CPU
		{C4D741CF-D00C-4B10-8637-7CBE5210BB17}.Ad-Hoc|iPhone.Build.0 = Release|Any CPU
		{C4D741CF-D00C-4B10-8637-7CBE5210BB17}.Ad-Hoc|iPhone.Deploy.0 = Release|Any CPU
		{C4D741CF-D00C-4B10-8637-7CBE5210BB17}.Ad-Hoc|iPhoneSimulator.ActiveCfg = Release|Any CPU
		{C4D741CF-D00C-4B10-8637-7CBE5210BB17}.Ad-Hoc|iPhoneSimulator.Build.0 = Release|Any CPU
		{C4D741CF-D00C-4B10-8637-7CBE5210BB17}.Ad-Hoc|iPhoneSimulator.Deploy.0 = Release|Any CPU
		{C4D741CF-D00C-4B10-8637-7CBE5210BB17}.Ad-Hoc|x64.ActiveCfg = Release|x64
		{C4D741CF-D00C-4B10-8637-7CBE5210BB17}.Ad-Hoc|x64.Build.0 = Release|x64
		{C4D741CF-D00C-4B10-8637-7CBE5210BB17}.Ad-Hoc|x64.Deploy.0 = Release|x64
		{C4D741CF-D00C-4B10-8637-7CBE5210BB17}.Ad-Hoc|x86.ActiveCfg = Release|x86
		{C4D741CF-D00C-4B10-8637-7CBE5210BB17}.Ad-Hoc|x86.Build.0 = Release|x86
		{C4D741CF-D00C-4B10-8637-7CBE5210BB17}.Ad-Hoc|x86.Deploy.0 = Release|x86
		{C4D741CF-D00C-4B10-8637-7CBE5210BB17}.AppStore|Any CPU.ActiveCfg = Release|Any CPU
		{C4D741CF-D00C-4B10-8637-7CBE5210BB17}.AppStore|Any CPU.Build.0 = Release|Any CPU
		{C4D741CF-D00C-4B10-8637-7CBE5210BB17}.AppStore|Any CPU.Deploy.0 = Release|Any CPU
		{C4D741CF-D00C-4B10-8637-7CBE5210BB17}.AppStore|ARM.ActiveCfg = Release|ARM
		{C4D741CF-D00C-4B10-8637-7CBE5210BB17}.AppStore|ARM.Build.0 = Release|ARM
		{C4D741CF-D00C-4B10-8637-7CBE5210BB17}.AppStore|ARM.Deploy.0 = Release|ARM
		{C4D741CF-D00C-4B10-8637-7CBE5210BB17}.AppStore|iPhone.ActiveCfg = Release|Any CPU
		{C4D741CF-D00C-4B10-8637-7CBE5210BB17}.AppStore|iPhone.Build.0 = Release|Any CPU
		{C4D741CF-D00C-4B10-8637-7CBE5210BB17}.AppStore|iPhone.Deploy.0 = Release|Any CPU
		{C4D741CF-D00C-4B10-8637-7CBE5210BB17}.AppStore|iPhoneSimulator.ActiveCfg = Release|Any CPU
		{C4D741CF-D00C-4B10-8637-7CBE5210BB17}.AppStore|iPhoneSimulator.Build.0 = Release|Any CPU
		{C4D741CF-D00C-4B10-8637-7CBE5210BB17}.AppStore|iPhoneSimulator.Deploy.0 = Release|Any CPU
		{C4D741CF-D00C-4B10-8637-7CBE5210BB17}.AppStore|x64.ActiveCfg = Release|x64
		{C4D741CF-D00C-4B10-8637-7CBE5210BB17}.AppStore|x64.Build.0 = Release|x64
		{C4D741CF-D00C-4B10-8637-7CBE5210BB17}.AppStore|x64.Deploy.0 = Release|x64
		{C4D741CF-D00C-4B10-8637-7CBE5210BB17}.AppStore|x86.ActiveCfg = Release|x86
		{C4D741CF-D00C-4B10-8637-7CBE5210BB17}.AppStore|x86.Build.0 = Release|x86
		{C4D741CF-D00C-4B10-8637-7CBE5210BB17}.AppStore|x86.Deploy.0 = Release|x86
		{C4D741CF-D00C-4B10-8637-7CBE5210BB17}.Debug|Any CPU.ActiveCfg = Debug|Any CPU
		{C4D741CF-D00C-4B10-8637-7CBE5210BB17}.Debug|Any CPU.Build.0 = Debug|Any CPU
		{C4D741CF-D00C-4B10-8637-7CBE5210BB17}.Debug|Any CPU.Deploy.0 = Debug|Any CPU
		{C4D741CF-D00C-4B10-8637-7CBE5210BB17}.Debug|ARM.ActiveCfg = Debug|ARM
		{C4D741CF-D00C-4B10-8637-7CBE5210BB17}.Debug|ARM.Build.0 = Debug|ARM
		{C4D741CF-D00C-4B10-8637-7CBE5210BB17}.Debug|ARM.Deploy.0 = Debug|ARM
		{C4D741CF-D00C-4B10-8637-7CBE5210BB17}.Debug|iPhone.ActiveCfg = Debug|Any CPU
		{C4D741CF-D00C-4B10-8637-7CBE5210BB17}.Debug|iPhone.Build.0 = Debug|Any CPU
		{C4D741CF-D00C-4B10-8637-7CBE5210BB17}.Debug|iPhone.Deploy.0 = Debug|Any CPU
		{C4D741CF-D00C-4B10-8637-7CBE5210BB17}.Debug|iPhoneSimulator.ActiveCfg = Debug|Any CPU
		{C4D741CF-D00C-4B10-8637-7CBE5210BB17}.Debug|iPhoneSimulator.Build.0 = Debug|Any CPU
		{C4D741CF-D00C-4B10-8637-7CBE5210BB17}.Debug|iPhoneSimulator.Deploy.0 = Debug|Any CPU
		{C4D741CF-D00C-4B10-8637-7CBE5210BB17}.Debug|x64.ActiveCfg = Debug|x64
		{C4D741CF-D00C-4B10-8637-7CBE5210BB17}.Debug|x64.Build.0 = Debug|x64
		{C4D741CF-D00C-4B10-8637-7CBE5210BB17}.Debug|x64.Deploy.0 = Debug|x64
		{C4D741CF-D00C-4B10-8637-7CBE5210BB17}.Debug|x86.ActiveCfg = Debug|x86
		{C4D741CF-D00C-4B10-8637-7CBE5210BB17}.Debug|x86.Build.0 = Debug|x86
		{C4D741CF-D00C-4B10-8637-7CBE5210BB17}.Debug|x86.Deploy.0 = Debug|x86
		{C4D741CF-D00C-4B10-8637-7CBE5210BB17}.Release|Any CPU.ActiveCfg = Release|Any CPU
		{C4D741CF-D00C-4B10-8637-7CBE5210BB17}.Release|Any CPU.Build.0 = Release|Any CPU
		{C4D741CF-D00C-4B10-8637-7CBE5210BB17}.Release|Any CPU.Deploy.0 = Release|Any CPU
		{C4D741CF-D00C-4B10-8637-7CBE5210BB17}.Release|ARM.ActiveCfg = Release|ARM
		{C4D741CF-D00C-4B10-8637-7CBE5210BB17}.Release|ARM.Build.0 = Release|ARM
		{C4D741CF-D00C-4B10-8637-7CBE5210BB17}.Release|ARM.Deploy.0 = Release|ARM
		{C4D741CF-D00C-4B10-8637-7CBE5210BB17}.Release|iPhone.ActiveCfg = Release|Any CPU
		{C4D741CF-D00C-4B10-8637-7CBE5210BB17}.Release|iPhone.Build.0 = Release|Any CPU
		{C4D741CF-D00C-4B10-8637-7CBE5210BB17}.Release|iPhone.Deploy.0 = Release|Any CPU
		{C4D741CF-D00C-4B10-8637-7CBE5210BB17}.Release|iPhoneSimulator.ActiveCfg = Release|Any CPU
		{C4D741CF-D00C-4B10-8637-7CBE5210BB17}.Release|iPhoneSimulator.Build.0 = Release|Any CPU
		{C4D741CF-D00C-4B10-8637-7CBE5210BB17}.Release|iPhoneSimulator.Deploy.0 = Release|Any CPU
		{C4D741CF-D00C-4B10-8637-7CBE5210BB17}.Release|x64.ActiveCfg = Release|x64
		{C4D741CF-D00C-4B10-8637-7CBE5210BB17}.Release|x64.Build.0 = Release|x64
		{C4D741CF-D00C-4B10-8637-7CBE5210BB17}.Release|x64.Deploy.0 = Release|x64
		{C4D741CF-D00C-4B10-8637-7CBE5210BB17}.Release|x86.ActiveCfg = Release|x86
		{C4D741CF-D00C-4B10-8637-7CBE5210BB17}.Release|x86.Build.0 = Release|x86
		{C4D741CF-D00C-4B10-8637-7CBE5210BB17}.Release|x86.Deploy.0 = Release|x86
		{E98BBBAD-BBF7-4050-96FE-6E7FA7D3206A}.Ad-Hoc|Any CPU.ActiveCfg = Release|Any CPU
		{E98BBBAD-BBF7-4050-96FE-6E7FA7D3206A}.Ad-Hoc|Any CPU.Build.0 = Release|Any CPU
		{E98BBBAD-BBF7-4050-96FE-6E7FA7D3206A}.Ad-Hoc|Any CPU.Deploy.0 = Release|Any CPU
		{E98BBBAD-BBF7-4050-96FE-6E7FA7D3206A}.Ad-Hoc|ARM.ActiveCfg = Release|ARM
		{E98BBBAD-BBF7-4050-96FE-6E7FA7D3206A}.Ad-Hoc|ARM.Build.0 = Release|ARM
		{E98BBBAD-BBF7-4050-96FE-6E7FA7D3206A}.Ad-Hoc|ARM.Deploy.0 = Release|ARM
		{E98BBBAD-BBF7-4050-96FE-6E7FA7D3206A}.Ad-Hoc|iPhone.ActiveCfg = Release|Any CPU
		{E98BBBAD-BBF7-4050-96FE-6E7FA7D3206A}.Ad-Hoc|iPhone.Build.0 = Release|Any CPU
		{E98BBBAD-BBF7-4050-96FE-6E7FA7D3206A}.Ad-Hoc|iPhone.Deploy.0 = Release|Any CPU
		{E98BBBAD-BBF7-4050-96FE-6E7FA7D3206A}.Ad-Hoc|iPhoneSimulator.ActiveCfg = Release|Any CPU
		{E98BBBAD-BBF7-4050-96FE-6E7FA7D3206A}.Ad-Hoc|iPhoneSimulator.Build.0 = Release|Any CPU
		{E98BBBAD-BBF7-4050-96FE-6E7FA7D3206A}.Ad-Hoc|iPhoneSimulator.Deploy.0 = Release|Any CPU
		{E98BBBAD-BBF7-4050-96FE-6E7FA7D3206A}.Ad-Hoc|x64.ActiveCfg = Release|Any CPU
		{E98BBBAD-BBF7-4050-96FE-6E7FA7D3206A}.Ad-Hoc|x64.Build.0 = Release|Any CPU
		{E98BBBAD-BBF7-4050-96FE-6E7FA7D3206A}.Ad-Hoc|x64.Deploy.0 = Release|Any CPU
		{E98BBBAD-BBF7-4050-96FE-6E7FA7D3206A}.Ad-Hoc|x86.ActiveCfg = Release|x86
		{E98BBBAD-BBF7-4050-96FE-6E7FA7D3206A}.Ad-Hoc|x86.Build.0 = Release|x86
		{E98BBBAD-BBF7-4050-96FE-6E7FA7D3206A}.Ad-Hoc|x86.Deploy.0 = Release|x86
		{E98BBBAD-BBF7-4050-96FE-6E7FA7D3206A}.AppStore|Any CPU.ActiveCfg = Release|Any CPU
		{E98BBBAD-BBF7-4050-96FE-6E7FA7D3206A}.AppStore|Any CPU.Build.0 = Release|Any CPU
		{E98BBBAD-BBF7-4050-96FE-6E7FA7D3206A}.AppStore|Any CPU.Deploy.0 = Release|Any CPU
		{E98BBBAD-BBF7-4050-96FE-6E7FA7D3206A}.AppStore|ARM.ActiveCfg = Release|ARM
		{E98BBBAD-BBF7-4050-96FE-6E7FA7D3206A}.AppStore|ARM.Build.0 = Release|ARM
		{E98BBBAD-BBF7-4050-96FE-6E7FA7D3206A}.AppStore|ARM.Deploy.0 = Release|ARM
		{E98BBBAD-BBF7-4050-96FE-6E7FA7D3206A}.AppStore|iPhone.ActiveCfg = Release|Any CPU
		{E98BBBAD-BBF7-4050-96FE-6E7FA7D3206A}.AppStore|iPhone.Build.0 = Release|Any CPU
		{E98BBBAD-BBF7-4050-96FE-6E7FA7D3206A}.AppStore|iPhone.Deploy.0 = Release|Any CPU
		{E98BBBAD-BBF7-4050-96FE-6E7FA7D3206A}.AppStore|iPhoneSimulator.ActiveCfg = Release|Any CPU
		{E98BBBAD-BBF7-4050-96FE-6E7FA7D3206A}.AppStore|iPhoneSimulator.Build.0 = Release|Any CPU
		{E98BBBAD-BBF7-4050-96FE-6E7FA7D3206A}.AppStore|iPhoneSimulator.Deploy.0 = Release|Any CPU
		{E98BBBAD-BBF7-4050-96FE-6E7FA7D3206A}.AppStore|x64.ActiveCfg = Release|Any CPU
		{E98BBBAD-BBF7-4050-96FE-6E7FA7D3206A}.AppStore|x64.Build.0 = Release|Any CPU
		{E98BBBAD-BBF7-4050-96FE-6E7FA7D3206A}.AppStore|x64.Deploy.0 = Release|Any CPU
		{E98BBBAD-BBF7-4050-96FE-6E7FA7D3206A}.AppStore|x86.ActiveCfg = Release|x86
		{E98BBBAD-BBF7-4050-96FE-6E7FA7D3206A}.AppStore|x86.Build.0 = Release|x86
		{E98BBBAD-BBF7-4050-96FE-6E7FA7D3206A}.AppStore|x86.Deploy.0 = Release|x86
		{E98BBBAD-BBF7-4050-96FE-6E7FA7D3206A}.Debug|Any CPU.ActiveCfg = Debug|Any CPU
		{E98BBBAD-BBF7-4050-96FE-6E7FA7D3206A}.Debug|Any CPU.Build.0 = Debug|Any CPU
		{E98BBBAD-BBF7-4050-96FE-6E7FA7D3206A}.Debug|Any CPU.Deploy.0 = Debug|Any CPU
		{E98BBBAD-BBF7-4050-96FE-6E7FA7D3206A}.Debug|ARM.ActiveCfg = Debug|ARM
		{E98BBBAD-BBF7-4050-96FE-6E7FA7D3206A}.Debug|ARM.Build.0 = Debug|ARM
		{E98BBBAD-BBF7-4050-96FE-6E7FA7D3206A}.Debug|ARM.Deploy.0 = Debug|ARM
		{E98BBBAD-BBF7-4050-96FE-6E7FA7D3206A}.Debug|iPhone.ActiveCfg = Debug|Any CPU
		{E98BBBAD-BBF7-4050-96FE-6E7FA7D3206A}.Debug|iPhone.Build.0 = Debug|Any CPU
		{E98BBBAD-BBF7-4050-96FE-6E7FA7D3206A}.Debug|iPhone.Deploy.0 = Debug|Any CPU
		{E98BBBAD-BBF7-4050-96FE-6E7FA7D3206A}.Debug|iPhoneSimulator.ActiveCfg = Debug|Any CPU
		{E98BBBAD-BBF7-4050-96FE-6E7FA7D3206A}.Debug|iPhoneSimulator.Build.0 = Debug|Any CPU
		{E98BBBAD-BBF7-4050-96FE-6E7FA7D3206A}.Debug|iPhoneSimulator.Deploy.0 = Debug|Any CPU
		{E98BBBAD-BBF7-4050-96FE-6E7FA7D3206A}.Debug|x64.ActiveCfg = Debug|Any CPU
		{E98BBBAD-BBF7-4050-96FE-6E7FA7D3206A}.Debug|x64.Build.0 = Debug|Any CPU
		{E98BBBAD-BBF7-4050-96FE-6E7FA7D3206A}.Debug|x64.Deploy.0 = Debug|Any CPU
		{E98BBBAD-BBF7-4050-96FE-6E7FA7D3206A}.Debug|x86.ActiveCfg = Debug|x86
		{E98BBBAD-BBF7-4050-96FE-6E7FA7D3206A}.Debug|x86.Build.0 = Debug|x86
		{E98BBBAD-BBF7-4050-96FE-6E7FA7D3206A}.Debug|x86.Deploy.0 = Debug|x86
		{E98BBBAD-BBF7-4050-96FE-6E7FA7D3206A}.Release|Any CPU.ActiveCfg = Release|Any CPU
		{E98BBBAD-BBF7-4050-96FE-6E7FA7D3206A}.Release|Any CPU.Build.0 = Release|Any CPU
		{E98BBBAD-BBF7-4050-96FE-6E7FA7D3206A}.Release|Any CPU.Deploy.0 = Release|Any CPU
		{E98BBBAD-BBF7-4050-96FE-6E7FA7D3206A}.Release|ARM.ActiveCfg = Release|ARM
		{E98BBBAD-BBF7-4050-96FE-6E7FA7D3206A}.Release|ARM.Build.0 = Release|ARM
		{E98BBBAD-BBF7-4050-96FE-6E7FA7D3206A}.Release|ARM.Deploy.0 = Release|ARM
		{E98BBBAD-BBF7-4050-96FE-6E7FA7D3206A}.Release|iPhone.ActiveCfg = Release|Any CPU
		{E98BBBAD-BBF7-4050-96FE-6E7FA7D3206A}.Release|iPhone.Build.0 = Release|Any CPU
		{E98BBBAD-BBF7-4050-96FE-6E7FA7D3206A}.Release|iPhone.Deploy.0 = Release|Any CPU
		{E98BBBAD-BBF7-4050-96FE-6E7FA7D3206A}.Release|iPhoneSimulator.ActiveCfg = Release|Any CPU
		{E98BBBAD-BBF7-4050-96FE-6E7FA7D3206A}.Release|iPhoneSimulator.Build.0 = Release|Any CPU
		{E98BBBAD-BBF7-4050-96FE-6E7FA7D3206A}.Release|iPhoneSimulator.Deploy.0 = Release|Any CPU
		{E98BBBAD-BBF7-4050-96FE-6E7FA7D3206A}.Release|x64.ActiveCfg = Release|Any CPU
		{E98BBBAD-BBF7-4050-96FE-6E7FA7D3206A}.Release|x64.Build.0 = Release|Any CPU
		{E98BBBAD-BBF7-4050-96FE-6E7FA7D3206A}.Release|x64.Deploy.0 = Release|Any CPU
		{E98BBBAD-BBF7-4050-96FE-6E7FA7D3206A}.Release|x86.ActiveCfg = Release|x86
		{E98BBBAD-BBF7-4050-96FE-6E7FA7D3206A}.Release|x86.Build.0 = Release|x86
		{E98BBBAD-BBF7-4050-96FE-6E7FA7D3206A}.Release|x86.Deploy.0 = Release|x86
	EndGlobalSection
	GlobalSection(SolutionProperties) = preSolution
		HideSolutionNode = FALSE
	EndGlobalSection
	GlobalSection(NestedProjects) = preSolution
		{08899544-A798-4468-8BA4-E1255E5EC239} = {92D1BB16-D42A-4C56-9801-7BA2DE099EC9}
		{BEC7DA78-C953-4A72-924F-2749D1F9F18B} = {92D1BB16-D42A-4C56-9801-7BA2DE099EC9}
		{A8BA1066-5695-4D71-ABB4-65E5A5E0C3D4} = {92D1BB16-D42A-4C56-9801-7BA2DE099EC9}
		{AC71966A-B5B0-4C1B-B935-F38B9DD8DE2B} = {D94AFA42-DCAB-4C23-87B8-E11989283A41}
		{FC372576-19A7-47A7-A5F7-118ECD27043D} = {BED1E227-A7F5-4F25-A570-60D09A6E49FC}
		{F1426998-32A4-4736-8CEA-ACF3CC1E4D64} = {BED1E227-A7F5-4F25-A570-60D09A6E49FC}
		{3D8410AD-AFEE-4C5F-BACB-5146443ED0DA} = {BED1E227-A7F5-4F25-A570-60D09A6E49FC}
		{C4D741CF-D00C-4B10-8637-7CBE5210BB17} = {BED1E227-A7F5-4F25-A570-60D09A6E49FC}
		{E98BBBAD-BBF7-4050-96FE-6E7FA7D3206A} = {BED1E227-A7F5-4F25-A570-60D09A6E49FC}
	EndGlobalSection
EndGlobal
